<?xml version="1.0" encoding="utf-8"?>
<Project ToolsVersion="4.0" xmlns="http://schemas.microsoft.com/developer/msbuild/2003">
  <ItemGroup>
    <ClCompile Include="ApplyModelUpdate.cpp" />
    <ClCompile Include="ApplyModelUpdateTraining.cpp" />
    <ClCompile Include="ApplyModelUpdateValidation.cpp" />
    <ClCompile Include="BinBoosting.cpp" />
    <ClCompile Include="BinInteraction.cpp" />
    <ClCompile Include="DataSetShared.cpp" />
    <ClCompile Include="CutQuantile.cpp" />
    <ClCompile Include="CutUniform.cpp" />
    <ClCompile Include="CutWinsorized.cpp" />
    <ClCompile Include="BoosterShell.cpp" />
    <ClCompile Include="InteractionShell.cpp" />
    <ClCompile Include="CalculateInteractionScore.cpp" />
    <ClCompile Include="PartitionRandomBoosting.cpp" />
    <ClCompile Include="debug_ebm.cpp" />
    <ClCompile Include="FeatureGroup.cpp" />
    <ClCompile Include="PartitionTwoDimensionalBoosting.cpp" />
    <ClCompile Include="PartitionTwoDimensionalInteraction.cpp" />
    <ClCompile Include="GenerateModelUpdate.cpp" />
    <ClCompile Include="PartitionOneDimensionalBoosting.cpp" />
    <ClCompile Include="InitializeGradientsAndHessians.cpp" />
    <ClCompile Include="interpretable_numerics.cpp" />
    <ClCompile Include="sampling.cpp" />
    <ClCompile Include="SegmentedTensor.cpp" />
    <ClCompile Include="SumHistogramBuckets.cpp" />
    <ClCompile Include="TensorTotalsBuild.cpp" />
    <ClCompile Include="DataSetInteraction.cpp" />
    <ClCompile Include="DataSetBoosting.cpp" />
    <ClCompile Include="Discretize.cpp" />
    <ClCompile Include="InteractionCore.cpp" />
    <ClCompile Include="RandomStream.cpp" />
    <ClCompile Include="SamplingSet.cpp" />
    <ClCompile Include="BoosterCore.cpp" />
    <ClCompile Include="special\linux_wrap_functions.cpp">
      <Filter>special</Filter>
    </ClCompile>
    <ClCompile Include="special\windows_DllMain.cpp">
      <Filter>special</Filter>
    </ClCompile>
    <ClCompile Include="special\precompiled_header_cpp.cpp">
      <Filter>special</Filter>
    </ClCompile>
    <ClCompile Include="common_c\common_c.c">
      <Filter>common_c</Filter>
    </ClCompile>
    <ClCompile Include="common_c\logging.c">
      <Filter>common_c</Filter>
    </ClCompile>
  </ItemGroup>
  <ItemGroup>
    <ClInclude Include="approximate_math.hpp" />
    <ClInclude Include="InteractionShell.hpp" />
    <ClInclude Include="InteractionCore.hpp" />
    <ClInclude Include="BoosterCore.hpp" />
    <ClInclude Include="Feature.hpp" />
    <ClInclude Include="FeatureGroup.hpp" />
    <ClInclude Include="HistogramBucket.hpp" />
    <ClInclude Include="BoosterShell.hpp" />
    <ClInclude Include="DataSetInteraction.hpp" />
    <ClInclude Include="DataSetBoosting.hpp" />
    <ClInclude Include="ebm_internal.hpp" />
    <ClInclude Include="ebm_stats.hpp" />
    <ClInclude Include="precompiled_header_cpp.hpp" />
    <ClInclude Include="HistogramTargetEntry.hpp" />
    <ClInclude Include="RandomStream.hpp" />
    <ClInclude Include="SamplingSet.hpp" />
    <ClInclude Include="SegmentedTensor.hpp" />
    <ClInclude Include="TensorTotalsSum.hpp" />
    <ClInclude Include="TreeNode.hpp" />
    <ClInclude Include="TreeSweep.hpp" />
    <ClInclude Include="inc\ebm_native.h">
      <Filter>inc</Filter>
    </ClInclude>
    <ClInclude Include="bridge_c\bridge_c.h">
      <Filter>bridge_c</Filter>
    </ClInclude>
    <ClInclude Include="bridge_c\zones.h">
      <Filter>bridge_c</Filter>
    </ClInclude>
    <ClInclude Include="common_c\common_c.h">
      <Filter>common_c</Filter>
    </ClInclude>
    <ClInclude Include="bridge_cpp\bridge_cpp.hpp">
      <Filter>bridge_cpp</Filter>
    </ClInclude>
    <ClInclude Include="common_cpp\common_cpp.hpp">
      <Filter>common_cpp</Filter>
    </ClInclude>
    <ClInclude Include="common_c\logging.h">
      <Filter>common_c</Filter>
    </ClInclude>
    <ClInclude Include="compute_accessors.hpp" />
  </ItemGroup>
  <ItemGroup>
    <None Include="ebm_native_exports.def" />
    <None Include="CODING_STYLE.md" />
    <None Include="IMPORTANT.md" />
  </ItemGroup>
  <ItemGroup>
    <Text Include="ebm_native_exports.txt" />
  </ItemGroup>
  <ItemGroup>
    <Filter Include="inc">
      <UniqueIdentifier>{5cd9d4c4-93e3-4127-8d1e-496270df544a}</UniqueIdentifier>
    </Filter>
    <Filter Include="special">
      <UniqueIdentifier>{3c75c63a-6df6-4cd6-91e2-ee80ef96f468}</UniqueIdentifier>
    </Filter>
    <Filter Include="bridge_c">
      <UniqueIdentifier>{32bfc9ca-2159-409b-89d1-af8034257dd1}</UniqueIdentifier>
    </Filter>
    <Filter Include="common_c">
      <UniqueIdentifier>{1daae48a-6372-46a2-a0e9-dda3519eb4b4}</UniqueIdentifier>
    </Filter>
    <Filter Include="bridge_cpp">
      <UniqueIdentifier>{00aba3da-146d-462c-8f27-c3675127ae35}</UniqueIdentifier>
    </Filter>
    <Filter Include="common_cpp">
      <UniqueIdentifier>{48382ee5-df51-4d4d-92ce-dbd4c773ed4e}</UniqueIdentifier>
    </Filter>
  </ItemGroup>
</Project>