<?xml version="1.0" encoding="utf-8"?>
<Project ToolsVersion="4.0" xmlns="http://schemas.microsoft.com/developer/msbuild/2003">
  <ItemGroup>
    <ClCompile Include="ApplyModelUpdate.cpp" />
    <ClCompile Include="ApplyModelUpdateTraining.cpp" />
    <ClCompile Include="ApplyModelUpdateValidation.cpp" />
    <ClCompile Include="BinBoosting.cpp" />
    <ClCompile Include="BinInteraction.cpp" />
    <ClCompile Include="DataFrameShared.cpp" />
    <ClCompile Include="GenerateQuantileCuts.cpp" />
    <ClCompile Include="GenerateUniformCuts.cpp" />
    <ClCompile Include="GenerateWinsorizedCuts.cpp" />
    <ClCompile Include="ThreadStateBoosting.cpp" />
    <ClCompile Include="ThreadStateInteraction.cpp" />
    <ClCompile Include="CalculateInteractionScore.cpp" />
    <ClCompile Include="CutRandom.cpp" />
    <ClCompile Include="DebugEbm.cpp" />
    <ClCompile Include="FeatureGroup.cpp" />
    <ClCompile Include="FindBestBoostingSplitsPairs.cpp" />
    <ClCompile Include="FindBestInteractionScorePairs.cpp" />
    <ClCompile Include="GenerateModelUpdate.cpp" />
    <ClCompile Include="GrowDecisionTree.cpp" />
    <ClCompile Include="InitializeResiduals.cpp" />
    <ClCompile Include="InterpretableNumerics.cpp" />
    <ClCompile Include="RandomExternal.cpp" />
    <ClCompile Include="SegmentedTensor.cpp" />
    <ClCompile Include="SumHistogramBuckets.cpp" />
    <ClCompile Include="TensorTotalsBuild.cpp" />
    <ClCompile Include="DataFrameInteraction.cpp" />
    <ClCompile Include="DataFrameBoosting.cpp" />
    <ClCompile Include="Discretize.cpp" />
    <ClCompile Include="InteractionDetector.cpp" />
    <ClCompile Include="RandomStream.cpp" />
    <ClCompile Include="SamplingSet.cpp" />
    <ClCompile Include="Booster.cpp" />
    <ClCompile Include="special\wrap_func.cpp">
      <Filter>special</Filter>
    </ClCompile>
    <ClCompile Include="special\DllMainEbmNative.cpp">
      <Filter>special</Filter>
    </ClCompile>
    <ClCompile Include="special\PrecompiledHeader.cpp">
      <Filter>special</Filter>
    </ClCompile>
    <ClCompile Include="common_c\common_c.c">
      <Filter>common_c</Filter>
    </ClCompile>
    <ClCompile Include="common_c\logging.c">
      <Filter>common_c</Filter>
    </ClCompile>
  </ItemGroup>
  <ItemGroup>
    <ClInclude Include="ApproximateMath.h" />
    <ClInclude Include="ThreadStateInteraction.h" />
    <ClInclude Include="InteractionDetector.h" />
    <ClInclude Include="Booster.h" />
    <ClInclude Include="FeatureAtomic.h" />
    <ClInclude Include="FeatureGroup.h" />
    <ClInclude Include="HistogramBucket.h" />
    <ClInclude Include="ThreadStateBoosting.h" />
    <ClInclude Include="DataFrameInteraction.h" />
    <ClInclude Include="DataFrameBoosting.h" />
    <ClInclude Include="EbmInternal.h" />
    <ClInclude Include="EbmStats.h" />
    <ClInclude Include="PrecompiledHeader.h" />
    <ClInclude Include="HistogramTargetEntry.h" />
    <ClInclude Include="RandomStream.h" />
    <ClInclude Include="SamplingSet.h" />
    <ClInclude Include="SegmentedTensor.h" />
    <ClInclude Include="TensorTotalsSum.h" />
    <ClInclude Include="TreeNode.h" />
    <ClInclude Include="TreeSweep.h" />
    <ClInclude Include="inc\ebm_native.h">
      <Filter>inc</Filter>
    </ClInclude>
    <ClInclude Include="bridge_c\bridge_c.h">
      <Filter>bridge_c</Filter>
    </ClInclude>
    <ClInclude Include="bridge_c\zones.h">
      <Filter>bridge_c</Filter>
    </ClInclude>
    <ClInclude Include="common_c\common_c.h">
      <Filter>common_c</Filter>
    </ClInclude>
    <ClInclude Include="bridge_cpp\bridge_cpp.hpp">
      <Filter>bridge_cpp</Filter>
    </ClInclude>
    <ClInclude Include="common_cpp\common_cpp.hpp">
      <Filter>common_cpp</Filter>
    </ClInclude>
    <ClInclude Include="common_c\logging.h">
      <Filter>common_c</Filter>
    </ClInclude>
    <ClInclude Include="loss_metric_main.hpp" />
  </ItemGroup>
  <ItemGroup>
    <None Include="ebm_native_exports.def" />
    <None Include="style.md" />
  </ItemGroup>
  <ItemGroup>
    <Text Include="ebm_native_exports.txt" />
  </ItemGroup>
  <ItemGroup>
    <Filter Include="inc">
      <UniqueIdentifier>{5cd9d4c4-93e3-4127-8d1e-496270df544a}</UniqueIdentifier>
    </Filter>
    <Filter Include="special">
      <UniqueIdentifier>{3c75c63a-6df6-4cd6-91e2-ee80ef96f468}</UniqueIdentifier>
    </Filter>
    <Filter Include="bridge_c">
      <UniqueIdentifier>{32bfc9ca-2159-409b-89d1-af8034257dd1}</UniqueIdentifier>
    </Filter>
    <Filter Include="common_c">
      <UniqueIdentifier>{1daae48a-6372-46a2-a0e9-dda3519eb4b4}</UniqueIdentifier>
    </Filter>
    <Filter Include="bridge_cpp">
      <UniqueIdentifier>{00aba3da-146d-462c-8f27-c3675127ae35}</UniqueIdentifier>
    </Filter>
    <Filter Include="common_cpp">
      <UniqueIdentifier>{48382ee5-df51-4d4d-92ce-dbd4c773ed4e}</UniqueIdentifier>
    </Filter>
  </ItemGroup>
</Project>