
Microsoft Visual Studio Solution File, Format Version 12.00
# Visual Studio Version 16
VisualStudioVersion = 16.0.28729.10
MinimumVisualStudioVersion = 10.0.40219.1
Project("{8BC9CEB8-8B4A-11D0-8D11-00A0C91BC942}") = "ebm_native_test", "ebm_native_test\ebm_native_test.vcxproj", "{B1F39CA2-B315-45AC-8D98-C2271EE3B46D}"
	ProjectSection(ProjectDependencies) = postProject
		{9C227F82-E92F-445C-9832-5A2EEDB7924B} = {9C227F82-E92F-445C-9832-5A2EEDB7924B}
	EndProjectSection
EndProject
Project("{8BC9CEB8-8B4A-11D0-8D11-00A0C91BC942}") = "ebm_native", "ebm_native.vcxproj", "{9C227F82-E92F-445C-9832-5A2EEDB7924B}"
	ProjectSection(ProjectDependencies) = postProject
		{26B3484D-E3DC-4DCD-95A2-B4FFFAF43A9A} = {26B3484D-E3DC-4DCD-95A2-B4FFFAF43A9A}
	EndProjectSection
EndProject
Project("{2150E333-8FDC-42A3-9474-1A3956D46DE8}") = "root", "root", "{F5894036-AD18-466C-825A-9347FA61CF2D}"
	ProjectSection(SolutionItems) = preProject
		..\..\.gitattributes = ..\..\.gitattributes
		..\..\.gitignore = ..\..\.gitignore
		..\..\ACKNOWLEDGEMENTS.md = ..\..\ACKNOWLEDGEMENTS.md
		..\..\azure-pipelines.yml = ..\..\azure-pipelines.yml
		..\..\build.bat = ..\..\build.bat
		..\..\build.sh = ..\..\build.sh
		..\..\CHANGELOG.md = ..\..\CHANGELOG.md
		..\..\CONTRIBUTING.md = ..\..\CONTRIBUTING.md
		..\..\README.md = ..\..\README.md
		vs_python_setup.txt = vs_python_setup.txt
	EndProjectSection
EndProject
Project("{2150E333-8FDC-42A3-9474-1A3956D46DE8}") = "R", "R", "{3939C139-57E9-4CFD-AE75-710460EF590D}"
	ProjectSection(SolutionItems) = preProject
		..\..\R\build_R.bat = ..\..\R\build_R.bat
		..\..\R\cran_formatted_licence.txt = ..\..\R\cran_formatted_licence.txt
		..\..\R\DESCRIPTION = ..\..\R\DESCRIPTION
		..\..\R\NAMESPACE = ..\..\R\NAMESPACE
	EndProjectSection
EndProject
Project("{2150E333-8FDC-42A3-9474-1A3956D46DE8}") = "man", "man", "{B695C21B-DB54-4A5C-9968-2A94829CB1CB}"
	ProjectSection(SolutionItems) = preProject
		..\..\R\man\ebm_classify.Rd = ..\..\R\man\ebm_classify.Rd
		..\..\R\man\ebm_predict_proba.Rd = ..\..\R\man\ebm_predict_proba.Rd
		..\..\R\man\ebm_show.Rd = ..\..\R\man\ebm_show.Rd
	EndProjectSection
EndProject
Project("{2150E333-8FDC-42A3-9474-1A3956D46DE8}") = "R", "R", "{71DB2E08-9023-4AB7-9961-C4635B88C1B8}"
	ProjectSection(SolutionItems) = preProject
		..\..\R\R\binning.R = ..\..\R\R\binning.R
		..\..\R\R\booster.R = ..\..\R\R\booster.R
		..\..\R\R\dataset.R = ..\..\R\R\dataset.R
		..\..\R\R\ebm.R = ..\..\R\R\ebm.R
		..\..\R\R\interaction_detector.R = ..\..\R\R\interaction_detector.R
		..\..\R\R\random_numbers.R = ..\..\R\R\random_numbers.R
		..\..\R\R\sampling.R = ..\..\R\R\sampling.R
	EndProjectSection
EndProject
Project("{2150E333-8FDC-42A3-9474-1A3956D46DE8}") = "src", "src", "{589FA769-174B-43F0-9665-8F310F4C3E5A}"
	ProjectSection(SolutionItems) = preProject
		..\..\R\src\interpret-win.def = ..\..\R\src\interpret-win.def
		..\..\R\src\interpret_R.cpp = ..\..\R\src\interpret_R.cpp
		..\..\R\src\Makevars = ..\..\R\src\Makevars
		..\..\R\src\Makevars.interpret = ..\..\R\src\Makevars.interpret
	EndProjectSection
EndProject
Project("{888888A0-9F3D-457C-B088-3A5042F75D52}") = "interpret-core", "..\..\python\interpret-core\interpret-core.pyproj", "{A647BDD9-8305-4EE3-AF8F-C2F88E3E5053}"
EndProject
Project("{8BC9CEB8-8B4A-11D0-8D11-00A0C91BC942}") = "cpu_ebm", "compute\cpu_ebm\cpu_ebm.vcxproj", "{AFCFB34C-7555-4399-88BD-560CAD86CE6E}"
EndProject
Project("{2150E333-8FDC-42A3-9474-1A3956D46DE8}") = "compute", "compute", "{5B3DB96E-A28F-4032-8E41-C6D2E408FC72}"
	ProjectSection(SolutionItems) = preProject
		compute\compute.hpp = compute\compute.hpp
		compute\Directory.Build.targets = compute\Directory.Build.targets
		compute\Loss.cpp = compute\Loss.cpp
		compute\Loss.hpp = compute\Loss.hpp
		compute\precompiled_header_cpp.hpp = compute\precompiled_header_cpp.hpp
		compute\Registration.cpp = compute\Registration.cpp
		compute\Registration.hpp = compute\Registration.hpp
		compute\registration_exceptions.hpp = compute\registration_exceptions.hpp
		compute\zoned_bridge_c_functions.cpp = compute\zoned_bridge_c_functions.cpp
		compute\zoned_bridge_c_functions.h = compute\zoned_bridge_c_functions.h
		compute\zoned_bridge_cpp_functions.hpp = compute\zoned_bridge_cpp_functions.hpp
	EndProjectSection
EndProject
Project("{8BC9CEB8-8B4A-11D0-8D11-00A0C91BC942}") = "avx512_ebm", "compute\avx512_ebm\avx512_ebm.vcxproj", "{F2EA4B57-0DF5-40A9-A8DE-6E92C7F898A1}"
EndProject
Project("{2150E333-8FDC-42A3-9474-1A3956D46DE8}") = "loss_functions", "loss_functions", "{8CAB82C2-DF15-49B3-9F7D-DFF3E71FCC22}"
	ProjectSection(SolutionItems) = preProject
		compute\loss_functions\CrossEntropyBinaryLoss.hpp = compute\loss_functions\CrossEntropyBinaryLoss.hpp
		compute\loss_functions\CrossEntropyMulticlassLoss.hpp = compute\loss_functions\CrossEntropyMulticlassLoss.hpp
		compute\loss_functions\CrossEntropyMulticlassMultitaskLoss.hpp = compute\loss_functions\CrossEntropyMulticlassMultitaskLoss.hpp
		compute\loss_functions\LogLossBinaryLoss.hpp = compute\loss_functions\LogLossBinaryLoss.hpp
		compute\loss_functions\LogLossBinaryMultitaskLoss.hpp = compute\loss_functions\LogLossBinaryMultitaskLoss.hpp
		compute\loss_functions\LogLossMulticlassLoss.hpp = compute\loss_functions\LogLossMulticlassLoss.hpp
		compute\loss_functions\loss_registrations.hpp = compute\loss_functions\loss_registrations.hpp
		compute\loss_functions\MseRegressionLoss.hpp = compute\loss_functions\MseRegressionLoss.hpp
		compute\loss_functions\MseRegressionMultitaskLoss.hpp = compute\loss_functions\MseRegressionMultitaskLoss.hpp
		compute\loss_functions\PseudoHuberRegressionLoss.hpp = compute\loss_functions\PseudoHuberRegressionLoss.hpp
	EndProjectSection
EndProject
Project("{2150E333-8FDC-42A3-9474-1A3956D46DE8}") = "metrics", "metrics", "{43E23DAD-B0D6-4148-B12A-F58560778CB3}"
	ProjectSection(SolutionItems) = preProject
		compute\metrics\AucMetric.hpp = compute\metrics\AucMetric.hpp
	EndProjectSection
EndProject
Project("{8BC9CEB8-8B4A-11D0-8D11-00A0C91BC942}") = "cuda_ebm", "compute\cuda_ebm\cuda_ebm.vcxproj", "{26B3484D-E3DC-4DCD-95A2-B4FFFAF43A9A}"
EndProject
Project("{8BC9CEB8-8B4A-11D0-8D11-00A0C91BC942}") = "no_cuda_ebm", "compute\no_cuda_ebm\no_cuda_ebm.vcxproj", "{059D61C6-0FC9-4EA5-B4AF-5CB0D8D0980B}"
EndProject
Global
	GlobalSection(SolutionConfigurationPlatforms) = preSolution
		Debug|x64 = Debug|x64
		Debug|x86 = Debug|x86
		Release|x64 = Release|x64
		Release|x86 = Release|x86
	EndGlobalSection
	GlobalSection(ProjectConfigurationPlatforms) = postSolution
		{B1F39CA2-B315-45AC-8D98-C2271EE3B46D}.Debug|x64.ActiveCfg = Debug|x64
		{B1F39CA2-B315-45AC-8D98-C2271EE3B46D}.Debug|x64.Build.0 = Debug|x64
		{B1F39CA2-B315-45AC-8D98-C2271EE3B46D}.Debug|x86.ActiveCfg = Debug|Win32
		{B1F39CA2-B315-45AC-8D98-C2271EE3B46D}.Debug|x86.Build.0 = Debug|Win32
		{B1F39CA2-B315-45AC-8D98-C2271EE3B46D}.Release|x64.ActiveCfg = Release|x64
		{B1F39CA2-B315-45AC-8D98-C2271EE3B46D}.Release|x64.Build.0 = Release|x64
		{B1F39CA2-B315-45AC-8D98-C2271EE3B46D}.Release|x86.ActiveCfg = Release|Win32
		{B1F39CA2-B315-45AC-8D98-C2271EE3B46D}.Release|x86.Build.0 = Release|Win32
		{9C227F82-E92F-445C-9832-5A2EEDB7924B}.Debug|x64.ActiveCfg = Debug|x64
		{9C227F82-E92F-445C-9832-5A2EEDB7924B}.Debug|x64.Build.0 = Debug|x64
		{9C227F82-E92F-445C-9832-5A2EEDB7924B}.Debug|x86.ActiveCfg = Debug|Win32
		{9C227F82-E92F-445C-9832-5A2EEDB7924B}.Debug|x86.Build.0 = Debug|Win32
		{9C227F82-E92F-445C-9832-5A2EEDB7924B}.Release|x64.ActiveCfg = Release|x64
		{9C227F82-E92F-445C-9832-5A2EEDB7924B}.Release|x64.Build.0 = Release|x64
		{9C227F82-E92F-445C-9832-5A2EEDB7924B}.Release|x86.ActiveCfg = Release|Win32
		{9C227F82-E92F-445C-9832-5A2EEDB7924B}.Release|x86.Build.0 = Release|Win32
		{A647BDD9-8305-4EE3-AF8F-C2F88E3E5053}.Debug|x64.ActiveCfg = Debug|Any CPU
		{A647BDD9-8305-4EE3-AF8F-C2F88E3E5053}.Debug|x86.ActiveCfg = Debug|Any CPU
		{A647BDD9-8305-4EE3-AF8F-C2F88E3E5053}.Release|x64.ActiveCfg = Release|Any CPU
		{A647BDD9-8305-4EE3-AF8F-C2F88E3E5053}.Release|x86.ActiveCfg = Release|Any CPU
		{AFCFB34C-7555-4399-88BD-560CAD86CE6E}.Debug|x64.ActiveCfg = Debug|x64
		{AFCFB34C-7555-4399-88BD-560CAD86CE6E}.Debug|x64.Build.0 = Debug|x64
		{AFCFB34C-7555-4399-88BD-560CAD86CE6E}.Debug|x86.ActiveCfg = Debug|Win32
		{AFCFB34C-7555-4399-88BD-560CAD86CE6E}.Debug|x86.Build.0 = Debug|Win32
		{AFCFB34C-7555-4399-88BD-560CAD86CE6E}.Release|x64.ActiveCfg = Release|x64
		{AFCFB34C-7555-4399-88BD-560CAD86CE6E}.Release|x64.Build.0 = Release|x64
		{AFCFB34C-7555-4399-88BD-560CAD86CE6E}.Release|x86.ActiveCfg = Release|Win32
		{AFCFB34C-7555-4399-88BD-560CAD86CE6E}.Release|x86.Build.0 = Release|Win32
		{F2EA4B57-0DF5-40A9-A8DE-6E92C7F898A1}.Debug|x64.ActiveCfg = Debug|x64
		{F2EA4B57-0DF5-40A9-A8DE-6E92C7F898A1}.Debug|x64.Build.0 = Debug|x64
		{F2EA4B57-0DF5-40A9-A8DE-6E92C7F898A1}.Debug|x86.ActiveCfg = Debug|Win32
		{F2EA4B57-0DF5-40A9-A8DE-6E92C7F898A1}.Debug|x86.Build.0 = Debug|Win32
		{F2EA4B57-0DF5-40A9-A8DE-6E92C7F898A1}.Release|x64.ActiveCfg = Release|x64
		{F2EA4B57-0DF5-40A9-A8DE-6E92C7F898A1}.Release|x64.Build.0 = Release|x64
		{F2EA4B57-0DF5-40A9-A8DE-6E92C7F898A1}.Release|x86.ActiveCfg = Release|Win32
		{F2EA4B57-0DF5-40A9-A8DE-6E92C7F898A1}.Release|x86.Build.0 = Release|Win32
		{26B3484D-E3DC-4DCD-95A2-B4FFFAF43A9A}.Debug|x64.ActiveCfg = Debug|x64
		{26B3484D-E3DC-4DCD-95A2-B4FFFAF43A9A}.Debug|x64.Build.0 = Debug|x64
		{26B3484D-E3DC-4DCD-95A2-B4FFFAF43A9A}.Debug|x86.ActiveCfg = Debug|Win32
		{26B3484D-E3DC-4DCD-95A2-B4FFFAF43A9A}.Debug|x86.Build.0 = Debug|Win32
		{26B3484D-E3DC-4DCD-95A2-B4FFFAF43A9A}.Release|x64.ActiveCfg = Release|x64
		{26B3484D-E3DC-4DCD-95A2-B4FFFAF43A9A}.Release|x64.Build.0 = Release|x64
		{26B3484D-E3DC-4DCD-95A2-B4FFFAF43A9A}.Release|x86.ActiveCfg = Release|Win32
		{26B3484D-E3DC-4DCD-95A2-B4FFFAF43A9A}.Release|x86.Build.0 = Release|Win32
		{059D61C6-0FC9-4EA5-B4AF-5CB0D8D0980B}.Debug|x64.ActiveCfg = Debug|x64
		{059D61C6-0FC9-4EA5-B4AF-5CB0D8D0980B}.Debug|x64.Build.0 = Debug|x64
		{059D61C6-0FC9-4EA5-B4AF-5CB0D8D0980B}.Debug|x86.ActiveCfg = Debug|Win32
		{059D61C6-0FC9-4EA5-B4AF-5CB0D8D0980B}.Debug|x86.Build.0 = Debug|Win32
		{059D61C6-0FC9-4EA5-B4AF-5CB0D8D0980B}.Release|x64.ActiveCfg = Release|x64
		{059D61C6-0FC9-4EA5-B4AF-5CB0D8D0980B}.Release|x64.Build.0 = Release|x64
		{059D61C6-0FC9-4EA5-B4AF-5CB0D8D0980B}.Release|x86.ActiveCfg = Release|Win32
		{059D61C6-0FC9-4EA5-B4AF-5CB0D8D0980B}.Release|x86.Build.0 = Release|Win32
	EndGlobalSection
	GlobalSection(SolutionProperties) = preSolution
		HideSolutionNode = FALSE
	EndGlobalSection
	GlobalSection(NestedProjects) = preSolution
		{B695C21B-DB54-4A5C-9968-2A94829CB1CB} = {3939C139-57E9-4CFD-AE75-710460EF590D}
		{71DB2E08-9023-4AB7-9961-C4635B88C1B8} = {3939C139-57E9-4CFD-AE75-710460EF590D}
		{589FA769-174B-43F0-9665-8F310F4C3E5A} = {3939C139-57E9-4CFD-AE75-710460EF590D}
		{AFCFB34C-7555-4399-88BD-560CAD86CE6E} = {5B3DB96E-A28F-4032-8E41-C6D2E408FC72}
		{F2EA4B57-0DF5-40A9-A8DE-6E92C7F898A1} = {5B3DB96E-A28F-4032-8E41-C6D2E408FC72}
		{8CAB82C2-DF15-49B3-9F7D-DFF3E71FCC22} = {5B3DB96E-A28F-4032-8E41-C6D2E408FC72}
		{43E23DAD-B0D6-4148-B12A-F58560778CB3} = {5B3DB96E-A28F-4032-8E41-C6D2E408FC72}
		{26B3484D-E3DC-4DCD-95A2-B4FFFAF43A9A} = {5B3DB96E-A28F-4032-8E41-C6D2E408FC72}
		{059D61C6-0FC9-4EA5-B4AF-5CB0D8D0980B} = {5B3DB96E-A28F-4032-8E41-C6D2E408FC72}
	EndGlobalSection
	GlobalSection(ExtensibilityGlobals) = postSolution
		SolutionGuid = {A1DD85D3-F373-45AE-B998-4F7E1ADF40DC}
	EndGlobalSection
EndGlobal
