<?xml version="1.0" encoding="utf-8"?>
<Project ToolsVersion="4.0" xmlns="http://schemas.microsoft.com/developer/msbuild/2003">
  <ItemGroup>
    <ClCompile Include="bit_packing_extremes.cpp" />
    <ClCompile Include="boosting_unusual_inputs.cpp" />
    <ClCompile Include="CutQuantileTest.cpp" />
    <ClCompile Include="CutUniformTest.cpp" />
    <ClCompile Include="CutWinsorizedTest.cpp" />
    <ClCompile Include="dataset_shared_test.cpp" />
    <ClCompile Include="DiscretizeTest.cpp" />
    <ClCompile Include="interaction_unusual_inputs.cpp" />
    <ClCompile Include="random_test.cpp" />
    <ClCompile Include="rehydrate_booster.cpp" />
    <ClCompile Include="SuggestGraphBoundsTest.cpp" />
    <ClCompile Include="pch_test.cpp">
      <Filter>non_tests</Filter>
    </ClCompile>
    <ClCompile Include="libebm_test.cpp">
      <Filter>non_tests</Filter>
    </ClCompile>
  </ItemGroup>
  <ItemGroup>
    <ClInclude Include="pch_test.hpp">
      <Filter>non_tests</Filter>
    </ClInclude>
    <ClInclude Include="libebm_test.hpp">
      <Filter>non_tests</Filter>
    </ClInclude>
    <ClInclude Include="RandomStreamTest.hpp">
      <Filter>non_tests</Filter>
    </ClInclude>
  </ItemGroup>
  <ItemGroup>
    <Filter Include="non_tests">
      <UniqueIdentifier>{17c0ab0a-1529-4e60-8718-6e8963a228bf}</UniqueIdentifier>
    </Filter>
  </ItemGroup>
  <ItemGroup>
    <None Include="libebm_test.bat">
      <Filter>non_tests</Filter>
    </None>
    <None Include="libebm_test.sh">
      <Filter>non_tests</Filter>
    </None>
  </ItemGroup>
</Project>